
Microsoft Visual Studio Solution File, Format Version 12.00
# Visual Studio Version 16
VisualStudioVersion = 16.0.30114.105
MinimumVisualStudioVersion = 10.0.40219.1
Project("{2150E333-8FDC-42A3-9474-1A3956D46DE8}") = "src", "src", "{F8587BB6-F340-47F8-9776-9504BAC4BE61}"
EndProject
Project("{FAE04EC0-301F-11D3-BF4B-00C04F79EFBC}") = "VirtoCommerce.ExperienceApi.ProfileModule.Web", "VirtoCommerce.ExperienceApi.ProfileModule.Web\VirtoCommerce.ExperienceApi.ProfileModule.Web.csproj", "{7422A9EE-BC17-413F-923B-A4F790B45435}"
EndProject
Project("{FAE04EC0-301F-11D3-BF4B-00C04F79EFBC}") = "VirtoCommerce.ExperienceApi.ProfileModule.Core", "VirtoCommerce.ExperienceApi.ProfileModule.Core\VirtoCommerce.ExperienceApi.ProfileModule.Core.csproj", "{CA4FF486-B9D7-435D-87FA-55F47286CFB8}"
EndProject
Project("{FAE04EC0-301F-11D3-BF4B-00C04F79EFBC}") = "VirtoCommerce.ExperienceApi.ProfileModule.Data", "VirtoCommerce.ExperienceApi.ProfileModule.Data\VirtoCommerce.ExperienceApi.ProfileModule.Data.csproj", "{CB004803-65C8-4891-AA7B-E7B9A6FB838A}"
EndProject
Project("{2150E333-8FDC-42A3-9474-1A3956D46DE8}") = "tests", "tests", "{5C8313B8-EA91-4008-A423-CCD4EF502573}"
EndProject
Project("{FAE04EC0-301F-11D3-BF4B-00C04F79EFBC}") = "VirtoCommerce.ExperienceApi.ProfileModule.Tests", "VirtoCommerce.ExperienceApi.ProfileModule.Tests\VirtoCommerce.ExperienceApi.ProfileModule.Tests.csproj", "{A4C4F255-F5AC-4A60-BE95-29FB27952440}"
EndProject
Global
	GlobalSection(SolutionConfigurationPlatforms) = preSolution
		Debug|Any CPU = Debug|Any CPU
		Release|Any CPU = Release|Any CPU
	EndGlobalSection
	GlobalSection(ProjectConfigurationPlatforms) = postSolution
		{7422A9EE-BC17-413F-923B-A4F790B45435}.Debug|Any CPU.ActiveCfg = Debug|Any CPU
		{7422A9EE-BC17-413F-923B-A4F790B45435}.Debug|Any CPU.Build.0 = Debug|Any CPU
		{7422A9EE-BC17-413F-923B-A4F790B45435}.Release|Any CPU.ActiveCfg = Release|Any CPU
		{7422A9EE-BC17-413F-923B-A4F790B45435}.Release|Any CPU.Build.0 = Release|Any CPU
		{CA4FF486-B9D7-435D-87FA-55F47286CFB8}.Debug|Any CPU.ActiveCfg = Debug|Any CPU
		{CA4FF486-B9D7-435D-87FA-55F47286CFB8}.Debug|Any CPU.Build.0 = Debug|Any CPU
		{CA4FF486-B9D7-435D-87FA-55F47286CFB8}.Release|Any CPU.ActiveCfg = Release|Any CPU
		{CA4FF486-B9D7-435D-87FA-55F47286CFB8}.Release|Any CPU.Build.0 = Release|Any CPU
		{CB004803-65C8-4891-AA7B-E7B9A6FB838A}.Debug|Any CPU.ActiveCfg = Debug|Any CPU
		{CB004803-65C8-4891-AA7B-E7B9A6FB838A}.Debug|Any CPU.Build.0 = Debug|Any CPU
		{CB004803-65C8-4891-AA7B-E7B9A6FB838A}.Release|Any CPU.ActiveCfg = Release|Any CPU
		{CB004803-65C8-4891-AA7B-E7B9A6FB838A}.Release|Any CPU.Build.0 = Release|Any CPU
		{A4C4F255-F5AC-4A60-BE95-29FB27952440}.Debug|Any CPU.ActiveCfg = Debug|Any CPU
		{A4C4F255-F5AC-4A60-BE95-29FB27952440}.Debug|Any CPU.Build.0 = Debug|Any CPU
		{A4C4F255-F5AC-4A60-BE95-29FB27952440}.Release|Any CPU.ActiveCfg = Release|Any CPU
		{A4C4F255-F5AC-4A60-BE95-29FB27952440}.Release|Any CPU.Build.0 = Release|Any CPU
	EndGlobalSection
	GlobalSection(SolutionProperties) = preSolution
		HideSolutionNode = FALSE
	EndGlobalSection
	GlobalSection(NestedProjects) = preSolution
		{7422A9EE-BC17-413F-923B-A4F790B45435} = {F8587BB6-F340-47F8-9776-9504BAC4BE61}
		{CA4FF486-B9D7-435D-87FA-55F47286CFB8} = {F8587BB6-F340-47F8-9776-9504BAC4BE61}
		{CB004803-65C8-4891-AA7B-E7B9A6FB838A} = {F8587BB6-F340-47F8-9776-9504BAC4BE61}
		{A4C4F255-F5AC-4A60-BE95-29FB27952440} = {5C8313B8-EA91-4008-A423-CCD4EF502573}
	EndGlobalSection
	GlobalSection(ExtensibilityGlobals) = postSolution
		SolutionGuid = {066644D6-98F3-4B75-ACE8-D3D5840F2CBE}
	EndGlobalSection
EndGlobal
